{
    "version": 3,
    "terraform_version": "0.10.7",
    "serial": 21,
    "lineage": "cd3ba2ca-15d5-49c0-a4a0-1933fac48eeb",
    "modules": [
        {
            "path": [
                "root"
            ],
            "outputs": {
                "shed-1-ip": {
                    "sensitive": false,
                    "type": "string",
                    "value": "165.227.58.48"
                }
            },
            "resources": {
                "digitalocean_droplet.shed-1-droplet": {
                    "type": "digitalocean_droplet",
                    "depends_on": [
                        "digitalocean_ssh_key.oarmada_key",
                        "digitalocean_tag.shed",
                        "digitalocean_volume.shed-1-volume"
                    ],
                    "primary": {
                        "id": "67914413",
                        "attributes": {
                            "disk": "40",
                            "id": "67914413",
                            "image": "ubuntu-16-04-x64",
                            "ipv4_address": "165.227.58.48",
                            "locked": "false",
                            "name": "shed-1",
                            "price_hourly": "0.02976",
                            "price_monthly": "20",
                            "region": "sfo2",
                            "resize_disk": "true",
                            "size": "2gb",
                            "ssh_keys.#": "1",
                            "ssh_keys.0": "14406108",
                            "status": "active",
                            "tags.#": "1",
                            "tags.0": "shed",
                            "vcpus": "2",
                            "volume_ids.#": "1",
                            "volume_ids.0": "e1cd0484-b6d4-11e7-b3ae-0242ac112c02"
                        },
                        "meta": {},
                        "tainted": false
                    },
                    "deposed": [],
                    "provider": ""
                },
                "digitalocean_ssh_key.oarmada_key": {
                    "type": "digitalocean_ssh_key",
                    "depends_on": [],
                    "primary": {
                        "id": "14406108",
                        "attributes": {
                            "fingerprint": "c1:4e:84:95:4a:13:2b:ae:4a:22:aa:ea:d9:71:09:04",
                            "id": "14406108",
                            "name": "oarmada key",
                            "public_key": "ssh-rsa AAAAB3NzaC1yc2EAAAADAQABAAABAQDHT35iA55IAYLMtFDz7vlba72ejXehAzcJOUd/Ej25hOti9u4UlYESgPqvhWajnOq2QcSv/2qBO9/Lp0ukxx7YLL/DLeUqzDOQ4FqIXhdyPFGr6q2oeasUBh9tRTBulBsAdGBH7SqmVMtXvv2gtTjaaGnxLXiXLZhyDWDqPAVjDyrVzivu0u2nGC90z2W3bcsGxmjnQ2Ee3BnRX760N+RAG5hRmoV21OtOPPr6zpPVTtR0ikGcrPXjyYuCDqMxEh68uxpDavWdf8dl+yNgJL3FbK01VRgx2tHr6hWT6JvJpv+mFlcddS6m4yTSy7k9TlWSnPMra1t05uLoqwvz8Mwt jtmoulia@jtensor"
                        },
                        "meta": {},
                        "tainted": false
                    },
                    "deposed": [],
                    "provider": ""
                },
                "digitalocean_tag.shed": {
                    "type": "digitalocean_tag",
                    "depends_on": [],
                    "primary": {
                        "id": "shed",
                        "attributes": {
                            "id": "shed",
                            "name": "shed"
                        },
                        "meta": {},
                        "tainted": false
                    },
                    "deposed": [],
                    "provider": ""
                },
                "digitalocean_volume.shed-1-volume": {
                    "type": "digitalocean_volume",
                    "depends_on": [],
                    "primary": {
                        "id": "e1cd0484-b6d4-11e7-b3ae-0242ac112c02",
                        "attributes": {
                            "description": "block volume for shed-1",
                            "droplet_ids.#": "0",
                            "id": "e1cd0484-b6d4-11e7-b3ae-0242ac112c02",
                            "name": "shed-1-volume",
                            "region": "sfo2",
                            "size": "20"
                        },
                        "meta": {},
                        "tainted": false
                    },
                    "deposed": [],
                    "provider": ""
                }
            },
            "depends_on": []
        }
    ]
}
